
Microsoft Visual Studio Solution File, Format Version 12.00
# Visual Studio Version 17
VisualStudioVersion = 17.8.34511.84
MinimumVisualStudioVersion = 10.0.40219.1
Project("{9A19103F-16F7-4668-BE54-9A1E7A4F7556}") = "WEBDEV-CV", "WEBDEV-CV\WEBDEV-CV.csproj", "{80AF1CCE-605E-410A-BE35-F36737F300E8}"
EndProject
Project("{FAE04EC0-301F-11D3-BF4B-00C04F79EFBC}") = "CV-API", "CV-API\CV-API.csproj", "{BCCA417A-8B7D-42DE-9672-7A55D1A1DA7C}"
EndProject
Global
	GlobalSection(SolutionConfigurationPlatforms) = preSolution
		Debug|Any CPU = Debug|Any CPU
		Release|Any CPU = Release|Any CPU
	EndGlobalSection
	GlobalSection(ProjectConfigurationPlatforms) = postSolution
		{80AF1CCE-605E-410A-BE35-F36737F300E8}.Debug|Any CPU.ActiveCfg = Debug|Any CPU
		{80AF1CCE-605E-410A-BE35-F36737F300E8}.Debug|Any CPU.Build.0 = Debug|Any CPU
		{80AF1CCE-605E-410A-BE35-F36737F300E8}.Release|Any CPU.ActiveCfg = Release|Any CPU
		{80AF1CCE-605E-410A-BE35-F36737F300E8}.Release|Any CPU.Build.0 = Release|Any CPU
		{BCCA417A-8B7D-42DE-9672-7A55D1A1DA7C}.Debug|Any CPU.ActiveCfg = Debug|Any CPU
		{BCCA417A-8B7D-42DE-9672-7A55D1A1DA7C}.Debug|Any CPU.Build.0 = Debug|Any CPU
		{BCCA417A-8B7D-42DE-9672-7A55D1A1DA7C}.Release|Any CPU.ActiveCfg = Release|Any CPU
		{BCCA417A-8B7D-42DE-9672-7A55D1A1DA7C}.Release|Any CPU.Build.0 = Release|Any CPU
	EndGlobalSection
	GlobalSection(SolutionProperties) = preSolution
		HideSolutionNode = FALSE
	EndGlobalSection
	GlobalSection(ExtensibilityGlobals) = postSolution
		SolutionGuid = {3C8C61F6-1556-4959-A197-E814A74D738B}
	EndGlobalSection
EndGlobal
